github.com/chai2010/webp v1.1.1 h1:jTRmEccAJ4MGrhFOrPMpNGIJ/eybIgwKpcACsrTEapk=
github.com/chai2010/webp v1.1.1/go.mod h1:0XVwvZWdjjdxpUEIf7b9g9VkHFnInUSYujwqTLEuldU=
github.com/garfeng/gocv v0.31.5 h1:A5B5yncykj9iJlhafTkeS8j1DAjLwhmQ+wz0xtZXo94=
github.com/garfeng/gocv v0.31.5/go.mod h1:oc6FvfYqfBp99p+yOEzs9tbYF9gOrAQSeL/dyIPefJU=
github.com/hybridgroup/mjpeg v0.0.0-20140228234708-4680f319790e/go.mod h1:eagM805MRKrioHYuU7iKLUyFPVKqVV6um5DAvCkUtXs=
github.com/pascaldekloe/goe v0.1.0/go.mod h1:lzWF7FIEvWOWxwDKqyGYQf6ZUaNfKdP144TG7ZOy1lc=
